// !$*UTF8*$!
{
	archiveVersion = 1;
	classes = {
	};
	objectVersion = 55;
	objects = {

/* Begin PBXBuildFile section */
		151CFF172888F38100EA1F25 /* AppDelegate.swift in Sources */ = {isa = PBXBuildFile; fileRef = 151CFF162888F38100EA1F25 /* AppDelegate.swift */; };
		151CFF192888F38100EA1F25 /* SceneDelegate.swift in Sources */ = {isa = PBXBuildFile; fileRef = 151CFF182888F38100EA1F25 /* SceneDelegate.swift */; };
		151CFF1B2888F38100EA1F25 /* ViewController.swift in Sources */ = {isa = PBXBuildFile; fileRef = 151CFF1A2888F38100EA1F25 /* ViewController.swift */; };
		151CFF1E2888F38100EA1F25 /* Main.storyboard in Resources */ = {isa = PBXBuildFile; fileRef = 151CFF1C2888F38100EA1F25 /* Main.storyboard */; };
		151CFF202888F38200EA1F25 /* Assets.xcassets in Resources */ = {isa = PBXBuildFile; fileRef = 151CFF1F2888F38200EA1F25 /* Assets.xcassets */; };
		151CFF232888F38200EA1F25 /* LaunchScreen.storyboard in Resources */ = {isa = PBXBuildFile; fileRef = 151CFF212888F38200EA1F25 /* LaunchScreen.storyboard */; };
		151CFF2E2888F38200EA1F25 /* CS_4Tests.swift in Sources */ = {isa = PBXBuildFile; fileRef = 151CFF2D2888F38200EA1F25 /* CS_4Tests.swift */; };
		151CFF382888F38200EA1F25 /* CS_4UITests.swift in Sources */ = {isa = PBXBuildFile; fileRef = 151CFF372888F38200EA1F25 /* CS_4UITests.swift */; };
		151CFF3A2888F38200EA1F25 /* CS_4UITestsLaunchTests.swift in Sources */ = {isa = PBXBuildFile; fileRef = 151CFF392888F38200EA1F25 /* CS_4UITestsLaunchTests.swift */; };
/* End PBXBuildFile section */

/* Begin PBXContainerItemProxy section */
		151CFF2A2888F38200EA1F25 /* PBXContainerItemProxy */ = {
			isa = PBXContainerItemProxy;
			containerPortal = 151CFF0B2888F38100EA1F25 /* Project object */;
			proxyType = 1;
			remoteGlobalIDString = 151CFF122888F38100EA1F25;
			remoteInfo = CS_4;
		};
		151CFF342888F38200EA1F25 /* PBXContainerItemProxy */ = {
			isa = PBXContainerItemProxy;
			containerPortal = 151CFF0B2888F38100EA1F25 /* Project object */;
			proxyType = 1;
			remoteGlobalIDString = 151CFF122888F38100EA1F25;
			remoteInfo = CS_4;
		};
/* End PBXContainerItemProxy section */

/* Begin PBXFileReference section */
		151CFF132888F38100EA1F25 /* CS_4.app */ = {isa = PBXFileReference; explicitFileType = wrapper.application; includeInIndex = 0; path = CS_4.app; sourceTree = BUILT_PRODUCTS_DIR; };
		151CFF162888F38100EA1F25 /* AppDelegate.swift */ = {isa = PBXFileReference; lastKnownFileType = sourcecode.swift; path = AppDelegate.swift; sourceTree = "<group>"; };
		151CFF182888F38100EA1F25 /* SceneDelegate.swift */ = {isa = PBXFileReference; lastKnownFileType = sourcecode.swift; path = SceneDelegate.swift; sourceTree = "<group>"; };
		151CFF1A2888F38100EA1F25 /* ViewController.swift */ = {isa = PBXFileReference; lastKnownFileType = sourcecode.swift; path = ViewController.swift; sourceTree = "<group>"; };
		151CFF1D2888F38100EA1F25 /* Base */ = {isa = PBXFileReference; lastKnownFileType = file.storyboard; name = Base; path = Base.lproj/Main.storyboard; sourceTree = "<group>"; };
		151CFF1F2888F38200EA1F25 /* Assets.xcassets */ = {isa = PBXFileReference; lastKnownFileType = folder.assetcatalog; path = Assets.xcassets; sourceTree = "<group>"; };
		151CFF222888F38200EA1F25 /* Base */ = {isa = PBXFileReference; lastKnownFileType = file.storyboard; name = Base; path = Base.lproj/LaunchScreen.storyboard; sourceTree = "<group>"; };
		151CFF242888F38200EA1F25 /* Info.plist */ = {isa = PBXFileReference; lastKnownFileType = text.plist.xml; path = Info.plist; sourceTree = "<group>"; };
		151CFF292888F38200EA1F25 /* CS_4Tests.xctest */ = {isa = PBXFileReference; explicitFileType = wrapper.cfbundle; includeInIndex = 0; path = CS_4Tests.xctest; sourceTree = BUILT_PRODUCTS_DIR; };
		151CFF2D2888F38200EA1F25 /* CS_4Tests.swift */ = {isa = PBXFileReference; lastKnownFileType = sourcecode.swift; path = CS_4Tests.swift; sourceTree = "<group>"; };
		151CFF332888F38200EA1F25 /* CS_4UITests.xctest */ = {isa = PBXFileReference; explicitFileType = wrapper.cfbundle; includeInIndex = 0; path = CS_4UITests.xctest; sourceTree = BUILT_PRODUCTS_DIR; };
		151CFF372888F38200EA1F25 /* CS_4UITests.swift */ = {isa = PBXFileReference; lastKnownFileType = sourcecode.swift; path = CS_4UITests.swift; sourceTree = "<group>"; };
		151CFF392888F38200EA1F25 /* CS_4UITestsLaunchTests.swift */ = {isa = PBXFileReference; lastKnownFileType = sourcecode.swift; path = CS_4UITestsLaunchTests.swift; sourceTree = "<group>"; };
/* End PBXFileReference section */

/* Begin PBXFrameworksBuildPhase section */
		151CFF102888F38100EA1F25 /* Frameworks */ = {
			isa = PBXFrameworksBuildPhase;
			buildActionMask = 2147483647;
			files = (
			);
			runOnlyForDeploymentPostprocessing = 0;
		};
		151CFF262888F38200EA1F25 /* Frameworks */ = {
			isa = PBXFrameworksBuildPhase;
			buildActionMask = 2147483647;
			files = (
			);
			runOnlyForDeploymentPostprocessing = 0;
		};
		151CFF302888F38200EA1F25 /* Frameworks */ = {
			isa = PBXFrameworksBuildPhase;
			buildActionMask = 2147483647;
			files = (
			);
			runOnlyForDeploymentPostprocessing = 0;
		};
/* End PBXFrameworksBuildPhase section */

/* Begin PBXGroup section */
		151CFF0A2888F38100EA1F25 = {
			isa = PBXGroup;
			children = (
				151CFF152888F38100EA1F25 /* CS_4 */,
				151CFF2C2888F38200EA1F25 /* CS_4Tests */,
				151CFF362888F38200EA1F25 /* CS_4UITests */,
				151CFF142888F38100EA1F25 /* Products */,
			);
			sourceTree = "<group>";
		};
		151CFF142888F38100EA1F25 /* Products */ = {
			isa = PBXGroup;
			children = (
				151CFF132888F38100EA1F25 /* CS_4.app */,
				151CFF292888F38200EA1F25 /* CS_4Tests.xctest */,
				151CFF332888F38200EA1F25 /* CS_4UITests.xctest */,
			);
			name = Products;
			sourceTree = "<group>";
		};
		151CFF152888F38100EA1F25 /* CS_4 */ = {
			isa = PBXGroup;
			children = (
				151CFF162888F38100EA1F25 /* AppDelegate.swift */,
				151CFF182888F38100EA1F25 /* SceneDelegate.swift */,
				151CFF1A2888F38100EA1F25 /* ViewController.swift */,
				151CFF1C2888F38100EA1F25 /* Main.storyboard */,
				151CFF1F2888F38200EA1F25 /* Assets.xcassets */,
				151CFF212888F38200EA1F25 /* LaunchScreen.storyboard */,
				151CFF242888F38200EA1F25 /* Info.plist */,
			);
			path = CS_4;
			sourceTree = "<group>";
		};
		151CFF2C2888F38200EA1F25 /* CS_4Tests */ = {
			isa = PBXGroup;
			children = (
				151CFF2D2888F38200EA1F25 /* CS_4Tests.swift */,
			);
			path = CS_4Tests;
			sourceTree = "<group>";
		};
		151CFF362888F38200EA1F25 /* CS_4UITests */ = {
			isa = PBXGroup;
			children = (
				151CFF372888F38200EA1F25 /* CS_4UITests.swift */,
				151CFF392888F38200EA1F25 /* CS_4UITestsLaunchTests.swift */,
			);
			path = CS_4UITests;
			sourceTree = "<group>";
		};
/* End PBXGroup section */

/* Begin PBXNativeTarget section */
		151CFF122888F38100EA1F25 /* CS_4 */ = {
			isa = PBXNativeTarget;
			buildConfigurationList = 151CFF3D2888F38200EA1F25 /* Build configuration list for PBXNativeTarget "CS_4" */;
			buildPhases = (
				151CFF0F2888F38100EA1F25 /* Sources */,
				151CFF102888F38100EA1F25 /* Frameworks */,
				151CFF112888F38100EA1F25 /* Resources */,
			);
			buildRules = (
			);
			dependencies = (
			);
			name = CS_4;
			productName = CS_4;
			productReference = 151CFF132888F38100EA1F25 /* CS_4.app */;
			productType = "com.apple.product-type.application";
		};
		151CFF282888F38200EA1F25 /* CS_4Tests */ = {
			isa = PBXNativeTarget;
			buildConfigurationList = 151CFF402888F38200EA1F25 /* Build configuration list for PBXNativeTarget "CS_4Tests" */;
			buildPhases = (
				151CFF252888F38200EA1F25 /* Sources */,
				151CFF262888F38200EA1F25 /* Frameworks */,
				151CFF272888F38200EA1F25 /* Resources */,
			);
			buildRules = (
			);
			dependencies = (
				151CFF2B2888F38200EA1F25 /* PBXTargetDependency */,
			);
			name = CS_4Tests;
			productName = CS_4Tests;
			productReference = 151CFF292888F38200EA1F25 /* CS_4Tests.xctest */;
			productType = "com.apple.product-type.bundle.unit-test";
		};
		151CFF322888F38200EA1F25 /* CS_4UITests */ = {
			isa = PBXNativeTarget;
			buildConfigurationList = 151CFF432888F38200EA1F25 /* Build configuration list for PBXNativeTarget "CS_4UITests" */;
			buildPhases = (
				151CFF2F2888F38200EA1F25 /* Sources */,
				151CFF302888F38200EA1F25 /* Frameworks */,
				151CFF312888F38200EA1F25 /* Resources */,
			);
			buildRules = (
			);
			dependencies = (
				151CFF352888F38200EA1F25 /* PBXTargetDependency */,
			);
			name = CS_4UITests;
			productName = CS_4UITests;
			productReference = 151CFF332888F38200EA1F25 /* CS_4UITests.xctest */;
			productType = "com.apple.product-type.bundle.ui-testing";
		};
/* End PBXNativeTarget section */

/* Begin PBXProject section */
		151CFF0B2888F38100EA1F25 /* Project object */ = {
			isa = PBXProject;
			attributes = {
				BuildIndependentTargetsInParallel = 1;
				LastSwiftUpdateCheck = 1340;
				LastUpgradeCheck = 1340;
				TargetAttributes = {
					151CFF122888F38100EA1F25 = {
						CreatedOnToolsVersion = 13.4.1;
					};
					151CFF282888F38200EA1F25 = {
						CreatedOnToolsVersion = 13.4.1;
						TestTargetID = 151CFF122888F38100EA1F25;
					};
					151CFF322888F38200EA1F25 = {
						CreatedOnToolsVersion = 13.4.1;
						TestTargetID = 151CFF122888F38100EA1F25;
					};
				};
			};
			buildConfigurationList = 151CFF0E2888F38100EA1F25 /* Build configuration list for PBXProject "CS_4" */;
			compatibilityVersion = "Xcode 13.0";
			developmentRegion = en;
			hasScannedForEncodings = 0;
			knownRegions = (
				en,
				Base,
			);
			mainGroup = 151CFF0A2888F38100EA1F25;
			productRefGroup = 151CFF142888F38100EA1F25 /* Products */;
			projectDirPath = "";
			projectRoot = "";
			targets = (
				151CFF122888F38100EA1F25 /* CS_4 */,
				151CFF282888F38200EA1F25 /* CS_4Tests */,
				151CFF322888F38200EA1F25 /* CS_4UITests */,
			);
		};
/* End PBXProject section */

/* Begin PBXResourcesBuildPhase section */
		151CFF112888F38100EA1F25 /* Resources */ = {
			isa = PBXResourcesBuildPhase;
			buildActionMask = 2147483647;
			files = (
				151CFF232888F38200EA1F25 /* LaunchScreen.storyboard in Resources */,
				151CFF202888F38200EA1F25 /* Assets.xcassets in Resources */,
				151CFF1E2888F38100EA1F25 /* Main.storyboard in Resources */,
			);
			runOnlyForDeploymentPostprocessing = 0;
		};
		151CFF272888F38200EA1F25 /* Resources */ = {
			isa = PBXResourcesBuildPhase;
			buildActionMask = 2147483647;
			files = (
			);
			runOnlyForDeploymentPostprocessing = 0;
		};
		151CFF312888F38200EA1F25 /* Resources */ = {
			isa = PBXResourcesBuildPhase;
			buildActionMask = 2147483647;
			files = (
			);
			runOnlyForDeploymentPostprocessing = 0;
		};
/* End PBXResourcesBuildPhase section */

/* Begin PBXSourcesBuildPhase section */
		151CFF0F2888F38100EA1F25 /* Sources */ = {
			isa = PBXSourcesBuildPhase;
			buildActionMask = 2147483647;
			files = (
				151CFF1B2888F38100EA1F25 /* ViewController.swift in Sources */,
				151CFF172888F38100EA1F25 /* AppDelegate.swift in Sources */,
				151CFF192888F38100EA1F25 /* SceneDelegate.swift in Sources */,
			);
			runOnlyForDeploymentPostprocessing = 0;
		};
		151CFF252888F38200EA1F25 /* Sources */ = {
			isa = PBXSourcesBuildPhase;
			buildActionMask = 2147483647;
			files = (
				151CFF2E2888F38200EA1F25 /* CS_4Tests.swift in Sources */,
			);
			runOnlyForDeploymentPostprocessing = 0;
		};
		151CFF2F2888F38200EA1F25 /* Sources */ = {
			isa = PBXSourcesBuildPhase;
			buildActionMask = 2147483647;
			files = (
				151CFF382888F38200EA1F25 /* CS_4UITests.swift in Sources */,
				151CFF3A2888F38200EA1F25 /* CS_4UITestsLaunchTests.swift in Sources */,
			);
			runOnlyForDeploymentPostprocessing = 0;
		};
/* End PBXSourcesBuildPhase section */

/* Begin PBXTargetDependency section */
		151CFF2B2888F38200EA1F25 /* PBXTargetDependency */ = {
			isa = PBXTargetDependency;
			target = 151CFF122888F38100EA1F25 /* CS_4 */;
			targetProxy = 151CFF2A2888F38200EA1F25 /* PBXContainerItemProxy */;
		};
		151CFF352888F38200EA1F25 /* PBXTargetDependency */ = {
			isa = PBXTargetDependency;
			target = 151CFF122888F38100EA1F25 /* CS_4 */;
			targetProxy = 151CFF342888F38200EA1F25 /* PBXContainerItemProxy */;
		};
/* End PBXTargetDependency section */

/* Begin PBXVariantGroup section */
		151CFF1C2888F38100EA1F25 /* Main.storyboard */ = {
			isa = PBXVariantGroup;
			children = (
				151CFF1D2888F38100EA1F25 /* Base */,
			);
			name = Main.storyboard;
			sourceTree = "<group>";
		};
		151CFF212888F38200EA1F25 /* LaunchScreen.storyboard */ = {
			isa = PBXVariantGroup;
			children = (
				151CFF222888F38200EA1F25 /* Base */,
			);
			name = LaunchScreen.storyboard;
			sourceTree = "<group>";
		};
/* End PBXVariantGroup section */

/* Begin XCBuildConfiguration section */
		151CFF3B2888F38200EA1F25 /* Debug */ = {
			isa = XCBuildConfiguration;
			buildSettings = {
				ALWAYS_SEARCH_USER_PATHS = NO;
				CLANG_ANALYZER_NONNULL = YES;
				CLANG_ANALYZER_NUMBER_OBJECT_CONVERSION = YES_AGGRESSIVE;
				CLANG_CXX_LANGUAGE_STANDARD = "gnu++17";
				CLANG_ENABLE_MODULES = YES;
				CLANG_ENABLE_OBJC_ARC = YES;
				CLANG_ENABLE_OBJC_WEAK = YES;
				CLANG_WARN_BLOCK_CAPTURE_AUTORELEASING = YES;
				CLANG_WARN_BOOL_CONVERSION = YES;
				CLANG_WARN_COMMA = YES;
				CLANG_WARN_CONSTANT_CONVERSION = YES;
				CLANG_WARN_DEPRECATED_OBJC_IMPLEMENTATIONS = YES;
				CLANG_WARN_DIRECT_OBJC_ISA_USAGE = YES_ERROR;
				CLANG_WARN_DOCUMENTATION_COMMENTS = YES;
				CLANG_WARN_EMPTY_BODY = YES;
				CLANG_WARN_ENUM_CONVERSION = YES;
				CLANG_WARN_INFINITE_RECURSION = YES;
				CLANG_WARN_INT_CONVERSION = YES;
				CLANG_WARN_NON_LITERAL_NULL_CONVERSION = YES;
				CLANG_WARN_OBJC_IMPLICIT_RETAIN_SELF = YES;
				CLANG_WARN_OBJC_LITERAL_CONVERSION = YES;
				CLANG_WARN_OBJC_ROOT_CLASS = YES_ERROR;
				CLANG_WARN_QUOTED_INCLUDE_IN_FRAMEWORK_HEADER = YES;
				CLANG_WARN_RANGE_LOOP_ANALYSIS = YES;
				CLANG_WARN_STRICT_PROTOTYPES = YES;
				CLANG_WARN_SUSPICIOUS_MOVE = YES;
				CLANG_WARN_UNGUARDED_AVAILABILITY = YES_AGGRESSIVE;
				CLANG_WARN_UNREACHABLE_CODE = YES;
				CLANG_WARN__DUPLICATE_METHOD_MATCH = YES;
				COPY_PHASE_STRIP = NO;
				DEBUG_INFORMATION_FORMAT = dwarf;
				ENABLE_STRICT_OBJC_MSGSEND = YES;
				ENABLE_TESTABILITY = YES;
				GCC_C_LANGUAGE_STANDARD = gnu11;
				GCC_DYNAMIC_NO_PIC = NO;
				GCC_NO_COMMON_BLOCKS = YES;
				GCC_OPTIMIZATION_LEVEL = 0;
				GCC_PREPROCESSOR_DEFINITIONS = (
					"DEBUG=1",
					"$(inherited)",
				);
				GCC_WARN_64_TO_32_BIT_CONVERSION = YES;
				GCC_WARN_ABOUT_RETURN_TYPE = YES_ERROR;
				GCC_WARN_UNDECLARED_SELECTOR = YES;
				GCC_WARN_UNINITIALIZED_AUTOS = YES_AGGRESSIVE;
				GCC_WARN_UNUSED_FUNCTION = YES;
				GCC_WARN_UNUSED_VARIABLE = YES;
				IPHONEOS_DEPLOYMENT_TARGET = 15.5;
				MTL_ENABLE_DEBUG_INFO = INCLUDE_SOURCE;
				MTL_FAST_MATH = YES;
				ONLY_ACTIVE_ARCH = YES;
				SDKROOT = iphoneos;
				SWIFT_ACTIVE_COMPILATION_CONDITIONS = DEBUG;
				SWIFT_OPTIMIZATION_LEVEL = "-Onone";
			};
			name = Debug;
		};
		151CFF3C2888F38200EA1F25 /* Release */ = {
			isa = XCBuildConfiguration;
			buildSettings = {
				ALWAYS_SEARCH_USER_PATHS = NO;
				CLANG_ANALYZER_NONNULL = YES;
				CLANG_ANALYZER_NUMBER_OBJECT_CONVERSION = YES_AGGRESSIVE;
				CLANG_CXX_LANGUAGE_STANDARD = "gnu++17";
				CLANG_ENABLE_MODULES = YES;
				CLANG_ENABLE_OBJC_ARC = YES;
				CLANG_ENABLE_OBJC_WEAK = YES;
				CLANG_WARN_BLOCK_CAPTURE_AUTORELEASING = YES;
				CLANG_WARN_BOOL_CONVERSION = YES;
				CLANG_WARN_COMMA = YES;
				CLANG_WARN_CONSTANT_CONVERSION = YES;
				CLANG_WARN_DEPRECATED_OBJC_IMPLEMENTATIONS = YES;
				CLANG_WARN_DIRECT_OBJC_ISA_USAGE = YES_ERROR;
				CLANG_WARN_DOCUMENTATION_COMMENTS = YES;
				CLANG_WARN_EMPTY_BODY = YES;
				CLANG_WARN_ENUM_CONVERSION = YES;
				CLANG_WARN_INFINITE_RECURSION = YES;
				CLANG_WARN_INT_CONVERSION = YES;
				CLANG_WARN_NON_LITERAL_NULL_CONVERSION = YES;
				CLANG_WARN_OBJC_IMPLICIT_RETAIN_SELF = YES;
				CLANG_WARN_OBJC_LITERAL_CONVERSION = YES;
				CLANG_WARN_OBJC_ROOT_CLASS = YES_ERROR;
				CLANG_WARN_QUOTED_INCLUDE_IN_FRAMEWORK_HEADER = YES;
				CLANG_WARN_RANGE_LOOP_ANALYSIS = YES;
				CLANG_WARN_STRICT_PROTOTYPES = YES;
				CLANG_WARN_SUSPICIOUS_MOVE = YES;
				CLANG_WARN_UNGUARDED_AVAILABILITY = YES_AGGRESSIVE;
				CLANG_WARN_UNREACHABLE_CODE = YES;
				CLANG_WARN__DUPLICATE_METHOD_MATCH = YES;
				COPY_PHASE_STRIP = NO;
				DEBUG_INFORMATION_FORMAT = "dwarf-with-dsym";
				ENABLE_NS_ASSERTIONS = NO;
				ENABLE_STRICT_OBJC_MSGSEND = YES;
				GCC_C_LANGUAGE_STANDARD = gnu11;
				GCC_NO_COMMON_BLOCKS = YES;
				GCC_WARN_64_TO_32_BIT_CONVERSION = YES;
				GCC_WARN_ABOUT_RETURN_TYPE = YES_ERROR;
				GCC_WARN_UNDECLARED_SELECTOR = YES;
				GCC_WARN_UNINITIALIZED_AUTOS = YES_AGGRESSIVE;
				GCC_WARN_UNUSED_FUNCTION = YES;
				GCC_WARN_UNUSED_VARIABLE = YES;
				IPHONEOS_DEPLOYMENT_TARGET = 15.5;
				MTL_ENABLE_DEBUG_INFO = NO;
				MTL_FAST_MATH = YES;
				SDKROOT = iphoneos;
				SWIFT_COMPILATION_MODE = wholemodule;
				SWIFT_OPTIMIZATION_LEVEL = "-O";
				VALIDATE_PRODUCT = YES;
			};
			name = Release;
		};
		151CFF3E2888F38200EA1F25 /* Debug */ = {
			isa = XCBuildConfiguration;
			buildSettings = {
				ASSETCATALOG_COMPILER_APPICON_NAME = AppIcon;
				ASSETCATALOG_COMPILER_GLOBAL_ACCENT_COLOR_NAME = AccentColor;
				CODE_SIGN_STYLE = Automatic;
				CURRENT_PROJECT_VERSION = 1;
				DEVELOPMENT_TEAM = MAU8HFALP8;
				GENERATE_INFOPLIST_FILE = YES;
				INFOPLIST_FILE = CS_4/Info.plist;
				INFOPLIST_KEY_UIApplicationSupportsIndirectInputEvents = YES;
				INFOPLIST_KEY_UILaunchStoryboardName = LaunchScreen;
				INFOPLIST_KEY_UIMainStoryboardFile = Main;
				INFOPLIST_KEY_UISupportedInterfaceOrientations_iPad = "UIInterfaceOrientationPortrait UIInterfaceOrientationPortraitUpsideDown UIInterfaceOrientationLandscapeLeft UIInterfaceOrientationLandscapeRight";
				INFOPLIST_KEY_UISupportedInterfaceOrientations_iPhone = "UIInterfaceOrientationPortrait UIInterfaceOrientationLandscapeLeft UIInterfaceOrientationLandscapeRight";
				LD_RUNPATH_SEARCH_PATHS = (
					"$(inherited)",
					"@executable_path/Frameworks",
				);
				MARKETING_VERSION = 1.0;
				PRODUCT_BUNDLE_IDENTIFIER = "com.page.CS-4";
				PRODUCT_NAME = "$(TARGET_NAME)";
				SWIFT_EMIT_LOC_STRINGS = YES;
				SWIFT_VERSION = 5.0;
				TARGETED_DEVICE_FAMILY = "1,2";
			};
			name = Debug;
		};
		151CFF3F2888F38200EA1F25 /* Release */ = {
			isa = XCBuildConfiguration;
			buildSettings = {
				ASSETCATALOG_COMPILER_APPICON_NAME = AppIcon;
				ASSETCATALOG_COMPILER_GLOBAL_ACCENT_COLOR_NAME = AccentColor;
				CODE_SIGN_STYLE = Automatic;
				CURRENT_PROJECT_VERSION = 1;
				DEVELOPMENT_TEAM = MAU8HFALP8;
				GENERATE_INFOPLIST_FILE = YES;
				INFOPLIST_FILE = CS_4/Info.plist;
				INFOPLIST_KEY_UIApplicationSupportsIndirectInputEvents = YES;
				INFOPLIST_KEY_UILaunchStoryboardName = LaunchScreen;
				INFOPLIST_KEY_UIMainStoryboardFile = Main;
				INFOPLIST_KEY_UISupportedInterfaceOrientations_iPad = "UIInterfaceOrientationPortrait UIInterfaceOrientationPortraitUpsideDown UIInterfaceOrientationLandscapeLeft UIInterfaceOrientationLandscapeRight";
				INFOPLIST_KEY_UISupportedInterfaceOrientations_iPhone = "UIInterfaceOrientationPortrait UIInterfaceOrientationLandscapeLeft UIInterfaceOrientationLandscapeRight";
				LD_RUNPATH_SEARCH_PATHS = (
					"$(inherited)",
					"@executable_path/Frameworks",
				);
				MARKETING_VERSION = 1.0;
				PRODUCT_BUNDLE_IDENTIFIER = "com.page.CS-4";
				PRODUCT_NAME = "$(TARGET_NAME)";
				SWIFT_EMIT_LOC_STRINGS = YES;
				SWIFT_VERSION = 5.0;
				TARGETED_DEVICE_FAMILY = "1,2";
			};
			name = Release;
		};
		151CFF412888F38200EA1F25 /* Debug */ = {
			isa = XCBuildConfiguration;
			buildSettings = {
				ALWAYS_EMBED_SWIFT_STANDARD_LIBRARIES = YES;
				BUNDLE_LOADER = "$(TEST_HOST)";
				CODE_SIGN_STYLE = Automatic;
				CURRENT_PROJECT_VERSION = 1;
				DEVELOPMENT_TEAM = MAU8HFALP8;
				GENERATE_INFOPLIST_FILE = YES;
				IPHONEOS_DEPLOYMENT_TARGET = 15.5;
				MARKETING_VERSION = 1.0;
				PRODUCT_BUNDLE_IDENTIFIER = "com.page.CS-4Tests";
				PRODUCT_NAME = "$(TARGET_NAME)";
				SWIFT_EMIT_LOC_STRINGS = NO;
				SWIFT_VERSION = 5.0;
				TARGETED_DEVICE_FAMILY = "1,2";
				TEST_HOST = "$(BUILT_PRODUCTS_DIR)/CS_4.app/CS_4";
			};
			name = Debug;
		};
		151CFF422888F38200EA1F25 /* Release */ = {
			isa = XCBuildConfiguration;
			buildSettings = {
				ALWAYS_EMBED_SWIFT_STANDARD_LIBRARIES = YES;
				BUNDLE_LOADER = "$(TEST_HOST)";
				CODE_SIGN_STYLE = Automatic;
				CURRENT_PROJECT_VERSION = 1;
				DEVELOPMENT_TEAM = MAU8HFALP8;
				GENERATE_INFOPLIST_FILE = YES;
				IPHONEOS_DEPLOYMENT_TARGET = 15.5;
				MARKETING_VERSION = 1.0;
				PRODUCT_BUNDLE_IDENTIFIER = "com.page.CS-4Tests";
				PRODUCT_NAME = "$(TARGET_NAME)";
				SWIFT_EMIT_LOC_STRINGS = NO;
				SWIFT_VERSION = 5.0;
				TARGETED_DEVICE_FAMILY = "1,2";
				TEST_HOST = "$(BUILT_PRODUCTS_DIR)/CS_4.app/CS_4";
			};
			name = Release;
		};
		151CFF442888F38200EA1F25 /* Debug */ = {
			isa = XCBuildConfiguration;
			buildSettings = {
				ALWAYS_EMBED_SWIFT_STANDARD_LIBRARIES = YES;
				CODE_SIGN_STYLE = Automatic;
				CURRENT_PROJECT_VERSION = 1;
				DEVELOPMENT_TEAM = MAU8HFALP8;
				GENERATE_INFOPLIST_FILE = YES;
				MARKETING_VERSION = 1.0;
				PRODUCT_BUNDLE_IDENTIFIER = "com.page.CS-4UITests";
				PRODUCT_NAME = "$(TARGET_NAME)";
				SWIFT_EMIT_LOC_STRINGS = NO;
				SWIFT_VERSION = 5.0;
				TARGETED_DEVICE_FAMILY = "1,2";
				TEST_TARGET_NAME = CS_4;
			};
			name = Debug;
		};
		151CFF452888F38200EA1F25 /* Release */ = {
			isa = XCBuildConfiguration;
			buildSettings = {
				ALWAYS_EMBED_SWIFT_STANDARD_LIBRARIES = YES;
				CODE_SIGN_STYLE = Automatic;
				CURRENT_PROJECT_VERSION = 1;
				DEVELOPMENT_TEAM = MAU8HFALP8;
				GENERATE_INFOPLIST_FILE = YES;
				MARKETING_VERSION = 1.0;
				PRODUCT_BUNDLE_IDENTIFIER = "com.page.CS-4UITests";
				PRODUCT_NAME = "$(TARGET_NAME)";
				SWIFT_EMIT_LOC_STRINGS = NO;
				SWIFT_VERSION = 5.0;
				TARGETED_DEVICE_FAMILY = "1,2";
				TEST_TARGET_NAME = CS_4;
			};
			name = Release;
		};
/* End XCBuildConfiguration section */

/* Begin XCConfigurationList section */
		151CFF0E2888F38100EA1F25 /* Build configuration list for PBXProject "CS_4" */ = {
			isa = XCConfigurationList;
			buildConfigurations = (
				151CFF3B2888F38200EA1F25 /* Debug */,
				151CFF3C2888F38200EA1F25 /* Release */,
			);
			defaultConfigurationIsVisible = 0;
			defaultConfigurationName = Release;
		};
		151CFF3D2888F38200EA1F25 /* Build configuration list for PBXNativeTarget "CS_4" */ = {
			isa = XCConfigurationList;
			buildConfigurations = (
				151CFF3E2888F38200EA1F25 /* Debug */,
				151CFF3F2888F38200EA1F25 /* Release */,
			);
			defaultConfigurationIsVisible = 0;
			defaultConfigurationName = Release;
		};
		151CFF402888F38200EA1F25 /* Build configuration list for PBXNativeTarget "CS_4Tests" */ = {
			isa = XCConfigurationList;
			buildConfigurations = (
				151CFF412888F38200EA1F25 /* Debug */,
				151CFF422888F38200EA1F25 /* Release */,
			);
			defaultConfigurationIsVisible = 0;
			defaultConfigurationName = Release;
		};
		151CFF432888F38200EA1F25 /* Build configuration list for PBXNativeTarget "CS_4UITests" */ = {
			isa = XCConfigurationList;
			buildConfigurations = (
				151CFF442888F38200EA1F25 /* Debug */,
				151CFF452888F38200EA1F25 /* Release */,
			);
			defaultConfigurationIsVisible = 0;
			defaultConfigurationName = Release;
		};
/* End XCConfigurationList section */
	};
	rootObject = 151CFF0B2888F38100EA1F25 /* Project object */;
}
